
Microsoft Visual Studio Solution File, Format Version 12.00
# Visual Studio Version 16
VisualStudioVersion = 16.0.29519.87
MinimumVisualStudioVersion = 10.0.40219.1
Project("{FAE04EC0-301F-11D3-BF4B-00C04F79EFBC}") = "ChopperDrop", "ChopperDrop\ChopperDrop.csproj", "{49C69D3F-F26B-42D2-B3BE-7FDA716B5E06}"
EndProject
Global
	GlobalSection(SolutionConfigurationPlatforms) = preSolution
		Debug|Any CPU = Debug|Any CPU
		Release|Any CPU = Release|Any CPU
	EndGlobalSection
	GlobalSection(ProjectConfigurationPlatforms) = postSolution
		{49C69D3F-F26B-42D2-B3BE-7FDA716B5E06}.Debug|Any CPU.ActiveCfg = Debug|Any CPU
		{49C69D3F-F26B-42D2-B3BE-7FDA716B5E06}.Debug|Any CPU.Build.0 = Debug|Any CPU
		{49C69D3F-F26B-42D2-B3BE-7FDA716B5E06}.Release|Any CPU.ActiveCfg = Release|Any CPU
		{49C69D3F-F26B-42D2-B3BE-7FDA716B5E06}.Release|Any CPU.Build.0 = Release|Any CPU
	EndGlobalSection
	GlobalSection(SolutionProperties) = preSolution
		HideSolutionNode = FALSE
	EndGlobalSection
	GlobalSection(ExtensibilityGlobals) = postSolution
		SolutionGuid = {AAF16230-1DC4-4593-867F-D04E49D1A77B}
	EndGlobalSection
EndGlobal
